# migrations.lock
# Please do not edit this file manually
# It should be added in version control alongside the migration files it references
20260321154600_init (from 20260321154600_init)
20260323152155_add_content_cate_to_platform_seo (from 20260323152155_add_content_cate_to_platform_seo)
20260325225100_update_product_model (from 20260325225100_update_product_model)
20260407000000_unify_createdAt_updatedAt (from 20260407000000_unify_createdAt_updatedAt)
